github.com/FernandoCelmer/api.go v0.0.0-20240224222326-409a08bb3b51 h1:c+5YNH9RqGCYOL0ZGY7/VzPRWKy6txEgNJWCfxGGK7o=
github.com/FernandoCelmer/api.go v0.0.0-20240224222326-409a08bb3b51/go.mod h1:uqs8VHAQ2o3Ym9izkZyYeBonBuDeH66XZ+LiU/1QXhs=
github.com/FernandoCelmer/api.go v0.0.0-20240224231132-4dbd41ffb976 h1:P/2H0AMXPptNnxIKI7LrF2YDwZBEvZTn1h6p+dHCRgE=
github.com/FernandoCelmer/api.go v0.0.0-20240224231132-4dbd41ffb976/go.mod h1:uqs8VHAQ2o3Ym9izkZyYeBonBuDeH66XZ+LiU/1QXhs=
github.com/FernandoCelmer/api.go v0.0.0-20240225004202-7afb76064583 h1:rSWy0x3hpIkTA0EGwP0AITWaLl3yYNDkcUJz1ELVfLc=
github.com/FernandoCelmer/api.go v0.0.0-20240225004202-7afb76064583/go.mod h1:uqs8VHAQ2o3Ym9izkZyYeBonBuDeH66XZ+LiU/1QXhs=
github.com/FernandoCelmer/api.go v0.1.0 h1:jF+9BsFtDqti+gv7nKpGxZH6AaxEBu0i6sgbPhtG8nA=
github.com/FernandoCelmer/api.go v0.1.0/go.mod h1:uqs8VHAQ2o3Ym9izkZyYeBonBuDeH66XZ+LiU/1QXhs=
